
Microsoft Visual Studio Solution File, Format Version 12.00
# Visual Studio Version 16
VisualStudioVersion = 16.0.29613.14
MinimumVisualStudioVersion = 10.0.40219.1
Project("{9A19103F-16F7-4668-BE54-9A1E7A4F7556}") = "ReadText.ColorDemo", "ReadText.ColorDemo.csproj", "{2E20488F-5BDF-43D4-A408-F984E707BDC3}"
EndProject
Project("{9A19103F-16F7-4668-BE54-9A1E7A4F7556}") = "CommandLine", "..\..\src\CommandLine\CommandLine.csproj", "{A3B8BD95-19A2-43F4-A8A3-29D802C4785F}"
EndProject
Global
	GlobalSection(SolutionConfigurationPlatforms) = preSolution
		Debug|Any CPU = Debug|Any CPU
		Release|Any CPU = Release|Any CPU
	EndGlobalSection
	GlobalSection(ProjectConfigurationPlatforms) = postSolution
		{2E20488F-5BDF-43D4-A408-F984E707BDC3}.Debug|Any CPU.ActiveCfg = Debug|Any CPU
		{2E20488F-5BDF-43D4-A408-F984E707BDC3}.Debug|Any CPU.Build.0 = Debug|Any CPU
		{2E20488F-5BDF-43D4-A408-F984E707BDC3}.Release|Any CPU.ActiveCfg = Release|Any CPU
		{2E20488F-5BDF-43D4-A408-F984E707BDC3}.Release|Any CPU.Build.0 = Release|Any CPU
		{A3B8BD95-19A2-43F4-A8A3-29D802C4785F}.Debug|Any CPU.ActiveCfg = Debug|Any CPU
		{A3B8BD95-19A2-43F4-A8A3-29D802C4785F}.Debug|Any CPU.Build.0 = Debug|Any CPU
		{A3B8BD95-19A2-43F4-A8A3-29D802C4785F}.Release|Any CPU.ActiveCfg = Release|Any CPU
		{A3B8BD95-19A2-43F4-A8A3-29D802C4785F}.Release|Any CPU.Build.0 = Release|Any CPU
	EndGlobalSection
	GlobalSection(SolutionProperties) = preSolution
		HideSolutionNode = FALSE
	EndGlobalSection
	GlobalSection(ExtensibilityGlobals) = postSolution
		SolutionGuid = {06616092-4E10-4B69-AC99-D7A42B296F38}
	EndGlobalSection
EndGlobal
